
Microsoft Visual Studio Solution File, Format Version 12.00
# Visual Studio Version 16
VisualStudioVersion = 16.0.30804.86
MinimumVisualStudioVersion = 10.0.40219.1
Project("{9A19103F-16F7-4668-BE54-9A1E7A4F7556}") = "ImageGallery.Data", "ImageGallery.Data\ImageGallery.Data.csproj", "{376C06DE-2A62-4FFB-9645-77B26C8D2159}"
EndProject
Project("{9A19103F-16F7-4668-BE54-9A1E7A4F7556}") = "ImageGallery.Contracts", "ImageGallery.Contracts\ImageGallery.Contracts.csproj", "{700F7885-4BBA-46C0-B0E7-C5FB9A4DF810}"
EndProject
Project("{9A19103F-16F7-4668-BE54-9A1E7A4F7556}") = "ImageGallery.Data.Common", "ImageGallery.Data.Common\ImageGallery.Data.Common.csproj", "{6FB07D62-9F8C-4728-A5D3-F2C9BAD9DC12}"
EndProject
Project("{9A19103F-16F7-4668-BE54-9A1E7A4F7556}") = "ImageGallery.Api", "ImageGallery.Api\ImageGallery.Api.csproj", "{EAC79FA1-3CAE-4507-A6A3-290C786DD9BF}"
EndProject
Project("{9A19103F-16F7-4668-BE54-9A1E7A4F7556}") = "ImageGallery.Specifications", "ImageGallery.Specifications\ImageGallery.Specifications.csproj", "{E804773D-C105-4B3E-AC66-54EADF86EBFB}"
EndProject
Global
	GlobalSection(SolutionConfigurationPlatforms) = preSolution
		Debug|Any CPU = Debug|Any CPU
		Release|Any CPU = Release|Any CPU
	EndGlobalSection
	GlobalSection(ProjectConfigurationPlatforms) = postSolution
		{376C06DE-2A62-4FFB-9645-77B26C8D2159}.Debug|Any CPU.ActiveCfg = Debug|Any CPU
		{376C06DE-2A62-4FFB-9645-77B26C8D2159}.Debug|Any CPU.Build.0 = Debug|Any CPU
		{376C06DE-2A62-4FFB-9645-77B26C8D2159}.Release|Any CPU.ActiveCfg = Release|Any CPU
		{376C06DE-2A62-4FFB-9645-77B26C8D2159}.Release|Any CPU.Build.0 = Release|Any CPU
		{700F7885-4BBA-46C0-B0E7-C5FB9A4DF810}.Debug|Any CPU.ActiveCfg = Debug|Any CPU
		{700F7885-4BBA-46C0-B0E7-C5FB9A4DF810}.Debug|Any CPU.Build.0 = Debug|Any CPU
		{700F7885-4BBA-46C0-B0E7-C5FB9A4DF810}.Release|Any CPU.ActiveCfg = Release|Any CPU
		{700F7885-4BBA-46C0-B0E7-C5FB9A4DF810}.Release|Any CPU.Build.0 = Release|Any CPU
		{6FB07D62-9F8C-4728-A5D3-F2C9BAD9DC12}.Debug|Any CPU.ActiveCfg = Debug|Any CPU
		{6FB07D62-9F8C-4728-A5D3-F2C9BAD9DC12}.Debug|Any CPU.Build.0 = Debug|Any CPU
		{6FB07D62-9F8C-4728-A5D3-F2C9BAD9DC12}.Release|Any CPU.ActiveCfg = Release|Any CPU
		{6FB07D62-9F8C-4728-A5D3-F2C9BAD9DC12}.Release|Any CPU.Build.0 = Release|Any CPU
		{EAC79FA1-3CAE-4507-A6A3-290C786DD9BF}.Debug|Any CPU.ActiveCfg = Debug|Any CPU
		{EAC79FA1-3CAE-4507-A6A3-290C786DD9BF}.Debug|Any CPU.Build.0 = Debug|Any CPU
		{EAC79FA1-3CAE-4507-A6A3-290C786DD9BF}.Release|Any CPU.ActiveCfg = Release|Any CPU
		{EAC79FA1-3CAE-4507-A6A3-290C786DD9BF}.Release|Any CPU.Build.0 = Release|Any CPU
		{E804773D-C105-4B3E-AC66-54EADF86EBFB}.Debug|Any CPU.ActiveCfg = Debug|Any CPU
		{E804773D-C105-4B3E-AC66-54EADF86EBFB}.Debug|Any CPU.Build.0 = Debug|Any CPU
		{E804773D-C105-4B3E-AC66-54EADF86EBFB}.Release|Any CPU.ActiveCfg = Release|Any CPU
		{E804773D-C105-4B3E-AC66-54EADF86EBFB}.Release|Any CPU.Build.0 = Release|Any CPU
	EndGlobalSection
	GlobalSection(SolutionProperties) = preSolution
		HideSolutionNode = FALSE
	EndGlobalSection
	GlobalSection(ExtensibilityGlobals) = postSolution
		SolutionGuid = {F901503C-C11B-4D0C-9890-09AD0964F249}
	EndGlobalSection
EndGlobal
